{
  "name": "starbot",
  "version": "1.0.0",
  "lockfileVersion": 3,
  "requires": true,
  "packages": {
    "": {
      "name": "starbot",
      "version": "1.0.0",
      "license": "MIT",
      "dependencies": {
        "playwright": "^1.58.2",
        "starbucks-api": "^1.0.2"
      }
    },
    "node_modules/axios": {
      "version": "0.16.2",
      "resolved": "https://registry.npmjs.org/axios/-/axios-0.16.2.tgz",
      "integrity": "sha512-IMYFDrcVbUksQhsMYtWCM6KdNaDpr1NY56dpzaIgj92ecPVI29bf2sOgAf8aGTiq8UoixJD61Pj0Ahej5DPv7w==",
      "deprecated": "Critical security vulnerability fixed in v0.21.1. For more information, see https://github.com/axios/axios/pull/3410",
      "license": "MIT",
      "dependencies": {
        "follow-redirects": "^1.2.3",
        "is-buffer": "^1.1.5"
      }
    },
    "node_modules/bluebird": {
      "version": "3.7.2",
      "resolved": "https://registry.npmjs.org/bluebird/-/bluebird-3.7.2.tgz",
      "integrity": "sha512-XpNj6GDQzdfW+r2Wnn7xiSAd7TM3jzkxGXBGTtWKuSXv1xUV+azxAm8jdWZN06QTQk+2N2XB9jRDkvbmQmcRtg==",
      "license": "MIT"
    },
    "node_modules/charenc": {
      "version": "0.0.2",
      "resolved": "https://registry.npmjs.org/charenc/-/charenc-0.0.2.tgz",
      "integrity": "sha512-yrLQ/yVUFXkzg7EDQsPieE/53+0RlaWTs+wBrvW36cyilJ2SaDWfl4Yj7MtLTXleV9uEKefbAGUPv2/iWSooRA==",
      "license": "BSD-3-Clause",
      "engines": {
        "node": "*"
      }
    },
    "node_modules/crypt": {
      "version": "0.0.2",
      "resolved": "https://registry.npmjs.org/crypt/-/crypt-0.0.2.tgz",
      "integrity": "sha512-mCxBlsHFYh9C+HVpiEacem8FEBnMXgU9gy4zmNC+SXAZNB/1idgp/aulFJ4FgCi7GPEVbfyng092GqL2k2rmow==",
      "license": "BSD-3-Clause",
      "engines": {
        "node": "*"
      }
    },
    "node_modules/follow-redirects": {
      "version": "1.15.11",
      "resolved": "https://registry.npmjs.org/follow-redirects/-/follow-redirects-1.15.11.tgz",
      "integrity": "sha512-deG2P0JfjrTxl50XGCDyfI97ZGVCxIpfKYmfyrQ54n5FO/0gfIES8C/Psl6kWVDolizcaaxZJnTS0QSMxvnsBQ==",
      "funding": [
        {
          "type": "individual",
          "url": "https://github.com/sponsors/RubenVerborgh"
        }
      ],
      "license": "MIT",
      "engines": {
        "node": ">=4.0"
      },
      "peerDependenciesMeta": {
        "debug": {
          "optional": true
        }
      }
    },
    "node_modules/fsevents": {
      "version": "2.3.2",
      "resolved": "https://registry.npmjs.org/fsevents/-/fsevents-2.3.2.tgz",
      "integrity": "sha512-xiqMQR4xAeHTuB9uWm+fFRcIOgKBMiOBP+eXiyT7jsgVCq1bkVygt00oASowB7EdtpOHaaPgKt812P9ab+DDKA==",
      "hasInstallScript": true,
      "license": "MIT",
      "optional": true,
      "os": [
        "darwin"
      ],
      "engines": {
        "node": "^8.16.0 || ^10.6.0 || >=11.0.0"
      }
    },
    "node_modules/is-buffer": {
      "version": "1.1.6",
      "resolved": "https://registry.npmjs.org/is-buffer/-/is-buffer-1.1.6.tgz",
      "integrity": "sha512-NcdALwpXkTm5Zvvbk7owOUSvVvBKDgKP5/ewfXEznmQFfs4ZRmanOeKBTjRVjka3QFoN6XJ+9F3USqfHqTaU5w==",
      "license": "MIT"
    },
    "node_modules/lodash": {
      "version": "4.17.23",
      "resolved": "https://registry.npmjs.org/lodash/-/lodash-4.17.23.tgz",
      "integrity": "sha512-LgVTMpQtIopCi79SJeDiP0TfWi5CNEc/L/aRdTh3yIvmZXTnheWpKjSZhnvMl8iXbC1tFg9gdHHDMLoV7CnG+w==",
      "license": "MIT"
    },
    "node_modules/md5": {
      "version": "2.3.0",
      "resolved": "https://registry.npmjs.org/md5/-/md5-2.3.0.tgz",
      "integrity": "sha512-T1GITYmFaKuO91vxyoQMFETst+O71VUPEU3ze5GNzDm0OWdP8v1ziTaAEPUr/3kLsY3Sftgz242A1SetQiDL7g==",
      "license": "BSD-3-Clause",
      "dependencies": {
        "charenc": "0.0.2",
        "crypt": "0.0.2",
        "is-buffer": "~1.1.6"
      }
    },
    "node_modules/moment": {
      "version": "2.30.1",
      "resolved": "https://registry.npmjs.org/moment/-/moment-2.30.1.tgz",
      "integrity": "sha512-uEmtNhbDOrWPFS+hdjFCBfy9f2YoyzRpwcl+DqpC6taX21FzsTLQVbMV/W7PzNSX6x/bhC1zA3c2UQ5NzH6how==",
      "license": "MIT",
      "engines": {
        "node": "*"
      }
    },
    "node_modules/playwright": {
      "version": "1.58.2",
      "resolved": "https://registry.npmjs.org/playwright/-/playwright-1.58.2.tgz",
      "integrity": "sha512-vA30H8Nvkq/cPBnNw4Q8TWz1EJyqgpuinBcHET0YVJVFldr8JDNiU9LaWAE1KqSkRYazuaBhTpB5ZzShOezQ6A==",
      "license": "Apache-2.0",
      "dependencies": {
        "playwright-core": "1.58.2"
      },
      "bin": {
        "playwright": "cli.js"
      },
      "engines": {
        "node": ">=18"
      },
      "optionalDependencies": {
        "fsevents": "2.3.2"
      }
    },
    "node_modules/playwright-core": {
      "version": "1.58.2",
      "resolved": "https://registry.npmjs.org/playwright-core/-/playwright-core-1.58.2.tgz",
      "integrity": "sha512-yZkEtftgwS8CsfYo7nm0KE8jsvm6i/PTgVtB8DL726wNf6H2IMsDuxCpJj59KDaxCtSnrWan2AeDqM7JBaultg==",
      "license": "Apache-2.0",
      "bin": {
        "playwright-core": "cli.js"
      },
      "engines": {
        "node": ">=18"
      }
    },
    "node_modules/starbucks-api": {
      "version": "1.0.2",
      "resolved": "https://registry.npmjs.org/starbucks-api/-/starbucks-api-1.0.2.tgz",
      "integrity": "sha512-tnpqt4Wy3JRS5T5IJdGN8CXOUAjy6dYxLelga1/uQwa5cSJ43CQD028KQKk4LaaRhSEjgfbSNZU6QkupRS6P4A==",
      "license": "MIT",
      "dependencies": {
        "axios": "^0.16.2",
        "bluebird": "^3.5.0",
        "lodash": "^4.17.4",
        "md5": "^2.2.1",
        "moment": "^2.18.1"
      }
    }
  }
}
